// !$*UTF8*$!
{
	archiveVersion = 1;
	classes = {
	};
	objectVersion = 46;
	objects = {

/* Begin PBXBuildFile section */
		241E53991A70812B005D9A19 /* main.m in Sources */ = {isa = PBXBuildFile; fileRef = 241E53981A70812B005D9A19 /* main.m */; };
		241E539C1A70812B005D9A19 /* AppDelegate.m in Sources */ = {isa = PBXBuildFile; fileRef = 241E539B1A70812B005D9A19 /* AppDelegate.m */; };
		241E539F1A70812B005D9A19 /* ViewController.m in Sources */ = {isa = PBXBuildFile; fileRef = 241E539E1A70812B005D9A19 /* ViewController.m */; };
		241E53A21A70812B005D9A19 /* Main.storyboard in Resources */ = {isa = PBXBuildFile; fileRef = 241E53A01A70812B005D9A19 /* Main.storyboard */; };
		241E53A41A70812B005D9A19 /* Images.xcassets in Resources */ = {isa = PBXBuildFile; fileRef = 241E53A31A70812B005D9A19 /* Images.xcassets */; };
		241E53A71A70812B005D9A19 /* LaunchScreen.xib in Resources */ = {isa = PBXBuildFile; fileRef = 241E53A51A70812B005D9A19 /* LaunchScreen.xib */; };
		241E53B31A70812B005D9A19 /* MapCircleTestTests.m in Sources */ = {isa = PBXBuildFile; fileRef = 241E53B21A70812B005D9A19 /* MapCircleTestTests.m */; };
/* End PBXBuildFile section */

/* Begin PBXContainerItemProxy section */
		241E53AD1A70812B005D9A19 /* PBXContainerItemProxy */ = {
			isa = PBXContainerItemProxy;
			containerPortal = 241E538B1A70812B005D9A19 /* Project object */;
			proxyType = 1;
			remoteGlobalIDString = 241E53921A70812B005D9A19;
			remoteInfo = MapCircleTest;
		};
/* End PBXContainerItemProxy section */

/* Begin PBXFileReference section */
		241E53931A70812B005D9A19 /* MapCircleTest.app */ = {isa = PBXFileReference; explicitFileType = wrapper.application; includeInIndex = 0; path = MapCircleTest.app; sourceTree = BUILT_PRODUCTS_DIR; };
		241E53971A70812B005D9A19 /* Info.plist */ = {isa = PBXFileReference; lastKnownFileType = text.plist.xml; path = Info.plist; sourceTree = "<group>"; };
		241E53981A70812B005D9A19 /* main.m */ = {isa = PBXFileReference; lastKnownFileType = sourcecode.c.objc; path = main.m; sourceTree = "<group>"; };
		241E539A1A70812B005D9A19 /* AppDelegate.h */ = {isa = PBXFileReference; lastKnownFileType = sourcecode.c.h; path = AppDelegate.h; sourceTree = "<group>"; };
		241E539B1A70812B005D9A19 /* AppDelegate.m */ = {isa = PBXFileReference; lastKnownFileType = sourcecode.c.objc; path = AppDelegate.m; sourceTree = "<group>"; };
		241E539D1A70812B005D9A19 /* ViewController.h */ = {isa = PBXFileReference; lastKnownFileType = sourcecode.c.h; path = ViewController.h; sourceTree = "<group>"; };
		241E539E1A70812B005D9A19 /* ViewController.m */ = {isa = PBXFileReference; lastKnownFileType = sourcecode.c.objc; path = ViewController.m; sourceTree = "<group>"; };
		241E53A11A70812B005D9A19 /* Base */ = {isa = PBXFileReference; lastKnownFileType = file.storyboard; name = Base; path = Base.lproj/Main.storyboard; sourceTree = "<group>"; };
		241E53A31A70812B005D9A19 /* Images.xcassets */ = {isa = PBXFileReference; lastKnownFileType = folder.assetcatalog; path = Images.xcassets; sourceTree = "<group>"; };
		241E53A61A70812B005D9A19 /* Base */ = {isa = PBXFileReference; lastKnownFileType = file.xib; name = Base; path = Base.lproj/LaunchScreen.xib; sourceTree = "<group>"; };
		241E53AC1A70812B005D9A19 /* MapCircleTestTests.xctest */ = {isa = PBXFileReference; explicitFileType = wrapper.cfbundle; includeInIndex = 0; path = MapCircleTestTests.xctest; sourceTree = BUILT_PRODUCTS_DIR; };
		241E53B11A70812B005D9A19 /* Info.plist */ = {isa = PBXFileReference; lastKnownFileType = text.plist.xml; path = Info.plist; sourceTree = "<group>"; };
		241E53B21A70812B005D9A19 /* MapCircleTestTests.m */ = {isa = PBXFileReference; lastKnownFileType = sourcecode.c.objc; path = MapCircleTestTests.m; sourceTree = "<group>"; };
/* End PBXFileReference section */

/* Begin PBXFrameworksBuildPhase section */
		241E53901A70812B005D9A19 /* Frameworks */ = {
			isa = PBXFrameworksBuildPhase;
			buildActionMask = 2147483647;
			files = (
			);
			runOnlyForDeploymentPostprocessing = 0;
		};
		241E53A91A70812B005D9A19 /* Frameworks */ = {
			isa = PBXFrameworksBuildPhase;
			buildActionMask = 2147483647;
			files = (
			);
			runOnlyForDeploymentPostprocessing = 0;
		};
/* End PBXFrameworksBuildPhase section */

/* Begin PBXGroup section */
		241E538A1A70812B005D9A19 = {
			isa = PBXGroup;
			children = (
				241E53951A70812B005D9A19 /* MapCircleTest */,
				241E53AF1A70812B005D9A19 /* MapCircleTestTests */,
				241E53941A70812B005D9A19 /* Products */,
			);
			sourceTree = "<group>";
		};
		241E53941A70812B005D9A19 /* Products */ = {
			isa = PBXGroup;
			children = (
				241E53931A70812B005D9A19 /* MapCircleTest.app */,
				241E53AC1A70812B005D9A19 /* MapCircleTestTests.xctest */,
			);
			name = Products;
			sourceTree = "<group>";
		};
		241E53951A70812B005D9A19 /* MapCircleTest */ = {
			isa = PBXGroup;
			children = (
				241E539A1A70812B005D9A19 /* AppDelegate.h */,
				241E539B1A70812B005D9A19 /* AppDelegate.m */,
				241E539D1A70812B005D9A19 /* ViewController.h */,
				241E539E1A70812B005D9A19 /* ViewController.m */,
				241E53A01A70812B005D9A19 /* Main.storyboard */,
				241E53A31A70812B005D9A19 /* Images.xcassets */,
				241E53A51A70812B005D9A19 /* LaunchScreen.xib */,
				241E53961A70812B005D9A19 /* Supporting Files */,
			);
			path = MapCircleTest;
			sourceTree = "<group>";
		};
		241E53961A70812B005D9A19 /* Supporting Files */ = {
			isa = PBXGroup;
			children = (
				241E53971A70812B005D9A19 /* Info.plist */,
				241E53981A70812B005D9A19 /* main.m */,
			);
			name = "Supporting Files";
			sourceTree = "<group>";
		};
		241E53AF1A70812B005D9A19 /* MapCircleTestTests */ = {
			isa = PBXGroup;
			children = (
				241E53B21A70812B005D9A19 /* MapCircleTestTests.m */,
				241E53B01A70812B005D9A19 /* Supporting Files */,
			);
			path = MapCircleTestTests;
			sourceTree = "<group>";
		};
		241E53B01A70812B005D9A19 /* Supporting Files */ = {
			isa = PBXGroup;
			children = (
				241E53B11A70812B005D9A19 /* Info.plist */,
			);
			name = "Supporting Files";
			sourceTree = "<group>";
		};
/* End PBXGroup section */

/* Begin PBXNativeTarget section */
		241E53921A70812B005D9A19 /* MapCircleTest */ = {
			isa = PBXNativeTarget;
			buildConfigurationList = 241E53B61A70812B005D9A19 /* Build configuration list for PBXNativeTarget "MapCircleTest" */;
			buildPhases = (
				241E538F1A70812B005D9A19 /* Sources */,
				241E53901A70812B005D9A19 /* Frameworks */,
				241E53911A70812B005D9A19 /* Resources */,
			);
			buildRules = (
			);
			dependencies = (
			);
			name = MapCircleTest;
			productName = MapCircleTest;
			productReference = 241E53931A70812B005D9A19 /* MapCircleTest.app */;
			productType = "com.apple.product-type.application";
		};
		241E53AB1A70812B005D9A19 /* MapCircleTestTests */ = {
			isa = PBXNativeTarget;
			buildConfigurationList = 241E53B91A70812B005D9A19 /* Build configuration list for PBXNativeTarget "MapCircleTestTests" */;
			buildPhases = (
				241E53A81A70812B005D9A19 /* Sources */,
				241E53A91A70812B005D9A19 /* Frameworks */,
				241E53AA1A70812B005D9A19 /* Resources */,
			);
			buildRules = (
			);
			dependencies = (
				241E53AE1A70812B005D9A19 /* PBXTargetDependency */,
			);
			name = MapCircleTestTests;
			productName = MapCircleTestTests;
			productReference = 241E53AC1A70812B005D9A19 /* MapCircleTestTests.xctest */;
			productType = "com.apple.product-type.bundle.unit-test";
		};
/* End PBXNativeTarget section */

/* Begin PBXProject section */
		241E538B1A70812B005D9A19 /* Project object */ = {
			isa = PBXProject;
			attributes = {
				LastUpgradeCheck = 0610;
				ORGANIZATIONNAME = rain;
				TargetAttributes = {
					241E53921A70812B005D9A19 = {
						CreatedOnToolsVersion = 6.1.1;
					};
					241E53AB1A70812B005D9A19 = {
						CreatedOnToolsVersion = 6.1.1;
						TestTargetID = 241E53921A70812B005D9A19;
					};
				};
			};
			buildConfigurationList = 241E538E1A70812B005D9A19 /* Build configuration list for PBXProject "MapCircleTest" */;
			compatibilityVersion = "Xcode 3.2";
			developmentRegion = English;
			hasScannedForEncodings = 0;
			knownRegions = (
				en,
				Base,
			);
			mainGroup = 241E538A1A70812B005D9A19;
			productRefGroup = 241E53941A70812B005D9A19 /* Products */;
			projectDirPath = "";
			projectRoot = "";
			targets = (
				241E53921A70812B005D9A19 /* MapCircleTest */,
				241E53AB1A70812B005D9A19 /* MapCircleTestTests */,
			);
		};
/* End PBXProject section */

/* Begin PBXResourcesBuildPhase section */
		241E53911A70812B005D9A19 /* Resources */ = {
			isa = PBXResourcesBuildPhase;
			buildActionMask = 2147483647;
			files = (
				241E53A21A70812B005D9A19 /* Main.storyboard in Resources */,
				241E53A71A70812B005D9A19 /* LaunchScreen.xib in Resources */,
				241E53A41A70812B005D9A19 /* Images.xcassets in Resources */,
			);
			runOnlyForDeploymentPostprocessing = 0;
		};
		241E53AA1A70812B005D9A19 /* Resources */ = {
			isa = PBXResourcesBuildPhase;
			buildActionMask = 2147483647;
			files = (
			);
			runOnlyForDeploymentPostprocessing = 0;
		};
/* End PBXResourcesBuildPhase section */

/* Begin PBXSourcesBuildPhase section */
		241E538F1A70812B005D9A19 /* Sources */ = {
			isa = PBXSourcesBuildPhase;
			buildActionMask = 2147483647;
			files = (
				241E539F1A70812B005D9A19 /* ViewController.m in Sources */,
				241E539C1A70812B005D9A19 /* AppDelegate.m in Sources */,
				241E53991A70812B005D9A19 /* main.m in Sources */,
			);
			runOnlyForDeploymentPostprocessing = 0;
		};
		241E53A81A70812B005D9A19 /* Sources */ = {
			isa = PBXSourcesBuildPhase;
			buildActionMask = 2147483647;
			files = (
				241E53B31A70812B005D9A19 /* MapCircleTestTests.m in Sources */,
			);
			runOnlyForDeploymentPostprocessing = 0;
		};
/* End PBXSourcesBuildPhase section */

/* Begin PBXTargetDependency section */
		241E53AE1A70812B005D9A19 /* PBXTargetDependency */ = {
			isa = PBXTargetDependency;
			target = 241E53921A70812B005D9A19 /* MapCircleTest */;
			targetProxy = 241E53AD1A70812B005D9A19 /* PBXContainerItemProxy */;
		};
/* End PBXTargetDependency section */

/* Begin PBXVariantGroup section */
		241E53A01A70812B005D9A19 /* Main.storyboard */ = {
			isa = PBXVariantGroup;
			children = (
				241E53A11A70812B005D9A19 /* Base */,
			);
			name = Main.storyboard;
			sourceTree = "<group>";
		};
		241E53A51A70812B005D9A19 /* LaunchScreen.xib */ = {
			isa = PBXVariantGroup;
			children = (
				241E53A61A70812B005D9A19 /* Base */,
			);
			name = LaunchScreen.xib;
			sourceTree = "<group>";
		};
/* End PBXVariantGroup section */

/* Begin XCBuildConfiguration section */
		241E53B41A70812B005D9A19 /* Debug */ = {
			isa = XCBuildConfiguration;
			buildSettings = {
				ALWAYS_SEARCH_USER_PATHS = NO;
				CLANG_CXX_LANGUAGE_STANDARD = "gnu++0x";
				CLANG_CXX_LIBRARY = "libc++";
				CLANG_ENABLE_MODULES = YES;
				CLANG_ENABLE_OBJC_ARC = YES;
				CLANG_WARN_BOOL_CONVERSION = YES;
				CLANG_WARN_CONSTANT_CONVERSION = YES;
				CLANG_WARN_DIRECT_OBJC_ISA_USAGE = YES_ERROR;
				CLANG_WARN_EMPTY_BODY = YES;
				CLANG_WARN_ENUM_CONVERSION = YES;
				CLANG_WARN_INT_CONVERSION = YES;
				CLANG_WARN_OBJC_ROOT_CLASS = YES_ERROR;
				CLANG_WARN_UNREACHABLE_CODE = YES;
				CLANG_WARN__DUPLICATE_METHOD_MATCH = YES;
				"CODE_SIGN_IDENTITY[sdk=iphoneos*]" = "iPhone Developer";
				COPY_PHASE_STRIP = NO;
				ENABLE_STRICT_OBJC_MSGSEND = YES;
				GCC_C_LANGUAGE_STANDARD = gnu99;
				GCC_DYNAMIC_NO_PIC = NO;
				GCC_OPTIMIZATION_LEVEL = 0;
				GCC_PREPROCESSOR_DEFINITIONS = (
					"DEBUG=1",
					"$(inherited)",
				);
				GCC_SYMBOLS_PRIVATE_EXTERN = NO;
				GCC_WARN_64_TO_32_BIT_CONVERSION = YES;
				GCC_WARN_ABOUT_RETURN_TYPE = YES_ERROR;
				GCC_WARN_UNDECLARED_SELECTOR = YES;
				GCC_WARN_UNINITIALIZED_AUTOS = YES_AGGRESSIVE;
				GCC_WARN_UNUSED_FUNCTION = YES;
				GCC_WARN_UNUSED_VARIABLE = YES;
				IPHONEOS_DEPLOYMENT_TARGET = 8.1;
				MTL_ENABLE_DEBUG_INFO = YES;
				ONLY_ACTIVE_ARCH = YES;
				SDKROOT = iphoneos;
				TARGETED_DEVICE_FAMILY = "1,2";
			};
			name = Debug;
		};
		241E53B51A70812B005D9A19 /* Release */ = {
			isa = XCBuildConfiguration;
			buildSettings = {
				ALWAYS_SEARCH_USER_PATHS = NO;
				CLANG_CXX_LANGUAGE_STANDARD = "gnu++0x";
				CLANG_CXX_LIBRARY = "libc++";
				CLANG_ENABLE_MODULES = YES;
				CLANG_ENABLE_OBJC_ARC = YES;
				CLANG_WARN_BOOL_CONVERSION = YES;
				CLANG_WARN_CONSTANT_CONVERSION = YES;
				CLANG_WARN_DIRECT_OBJC_ISA_USAGE = YES_ERROR;
				CLANG_WARN_EMPTY_BODY = YES;
				CLANG_WARN_ENUM_CONVERSION = YES;
				CLANG_WARN_INT_CONVERSION = YES;
				CLANG_WARN_OBJC_ROOT_CLASS = YES_ERROR;
				CLANG_WARN_UNREACHABLE_CODE = YES;
				CLANG_WARN__DUPLICATE_METHOD_MATCH = YES;
				"CODE_SIGN_IDENTITY[sdk=iphoneos*]" = "iPhone Developer";
				COPY_PHASE_STRIP = YES;
				ENABLE_NS_ASSERTIONS = NO;
				ENABLE_STRICT_OBJC_MSGSEND = YES;
				GCC_C_LANGUAGE_STANDARD = gnu99;
				GCC_WARN_64_TO_32_BIT_CONVERSION = YES;
				GCC_WARN_ABOUT_RETURN_TYPE = YES_ERROR;
				GCC_WARN_UNDECLARED_SELECTOR = YES;
				GCC_WARN_UNINITIALIZED_AUTOS = YES_AGGRESSIVE;
				GCC_WARN_UNUSED_FUNCTION = YES;
				GCC_WARN_UNUSED_VARIABLE = YES;
				IPHONEOS_DEPLOYMENT_TARGET = 8.1;
				MTL_ENABLE_DEBUG_INFO = NO;
				SDKROOT = iphoneos;
				TARGETED_DEVICE_FAMILY = "1,2";
				VALIDATE_PRODUCT = YES;
			};
			name = Release;
		};
		241E53B71A70812B005D9A19 /* Debug */ = {
			isa = XCBuildConfiguration;
			buildSettings = {
				ASSETCATALOG_COMPILER_APPICON_NAME = AppIcon;
				INFOPLIST_FILE = MapCircleTest/Info.plist;
				LD_RUNPATH_SEARCH_PATHS = "$(inherited) @executable_path/Frameworks";
				PRODUCT_NAME = "$(TARGET_NAME)";
			};
			name = Debug;
		};
		241E53B81A70812B005D9A19 /* Release */ = {
			isa = XCBuildConfiguration;
			buildSettings = {
				ASSETCATALOG_COMPILER_APPICON_NAME = AppIcon;
				INFOPLIST_FILE = MapCircleTest/Info.plist;
				LD_RUNPATH_SEARCH_PATHS = "$(inherited) @executable_path/Frameworks";
				PRODUCT_NAME = "$(TARGET_NAME)";
			};
			name = Release;
		};
		241E53BA1A70812B005D9A19 /* Debug */ = {
			isa = XCBuildConfiguration;
			buildSettings = {
				BUNDLE_LOADER = "$(TEST_HOST)";
				FRAMEWORK_SEARCH_PATHS = (
					"$(SDKROOT)/Developer/Library/Frameworks",
					"$(inherited)",
				);
				GCC_PREPROCESSOR_DEFINITIONS = (
					"DEBUG=1",
					"$(inherited)",
				);
				INFOPLIST_FILE = MapCircleTestTests/Info.plist;
				LD_RUNPATH_SEARCH_PATHS = "$(inherited) @executable_path/Frameworks @loader_path/Frameworks";
				PRODUCT_NAME = "$(TARGET_NAME)";
				TEST_HOST = "$(BUILT_PRODUCTS_DIR)/MapCircleTest.app/MapCircleTest";
			};
			name = Debug;
		};
		241E53BB1A70812B005D9A19 /* Release */ = {
			isa = XCBuildConfiguration;
			buildSettings = {
				BUNDLE_LOADER = "$(TEST_HOST)";
				FRAMEWORK_SEARCH_PATHS = (
					"$(SDKROOT)/Developer/Library/Frameworks",
					"$(inherited)",
				);
				INFOPLIST_FILE = MapCircleTestTests/Info.plist;
				LD_RUNPATH_SEARCH_PATHS = "$(inherited) @executable_path/Frameworks @loader_path/Frameworks";
				PRODUCT_NAME = "$(TARGET_NAME)";
				TEST_HOST = "$(BUILT_PRODUCTS_DIR)/MapCircleTest.app/MapCircleTest";
			};
			name = Release;
		};
/* End XCBuildConfiguration section */

/* Begin XCConfigurationList section */
		241E538E1A70812B005D9A19 /* Build configuration list for PBXProject "MapCircleTest" */ = {
			isa = XCConfigurationList;
			buildConfigurations = (
				241E53B41A70812B005D9A19 /* Debug */,
				241E53B51A70812B005D9A19 /* Release */,
			);
			defaultConfigurationIsVisible = 0;
			defaultConfigurationName = Release;
		};
		241E53B61A70812B005D9A19 /* Build configuration list for PBXNativeTarget "MapCircleTest" */ = {
			isa = XCConfigurationList;
			buildConfigurations = (
				241E53B71A70812B005D9A19 /* Debug */,
				241E53B81A70812B005D9A19 /* Release */,
			);
			defaultConfigurationIsVisible = 0;
		};
		241E53B91A70812B005D9A19 /* Build configuration list for PBXNativeTarget "MapCircleTestTests" */ = {
			isa = XCConfigurationList;
			buildConfigurations = (
				241E53BA1A70812B005D9A19 /* Debug */,
				241E53BB1A70812B005D9A19 /* Release */,
			);
			defaultConfigurationIsVisible = 0;
		};
/* End XCConfigurationList section */
	};
	rootObject = 241E538B1A70812B005D9A19 /* Project object */;
}
